
Microsoft Visual Studio Solution File, Format Version 12.00
# Visual Studio Version 17
VisualStudioVersion = 17.10.35013.160
MinimumVisualStudioVersion = 10.0.40219.1
Project("{9A19103F-16F7-4668-BE54-9A1E7A4F7556}") = "DSA.Test", "DSA.Test\DSA.Test.csproj", "{5CE3ED59-CFAD-450F-A425-1556C78AE9E1}"
	ProjectSection(ProjectDependencies) = postProject
		{6E01EB82-053A-4F09-8C33-6718201F3B6F} = {6E01EB82-053A-4F09-8C33-6718201F3B6F}
		{C95BDBD7-962B-4BEF-9C75-2B57A49509CA} = {C95BDBD7-962B-4BEF-9C75-2B57A49509CA}
	EndProjectSection
EndProject
Project("{9A19103F-16F7-4668-BE54-9A1E7A4F7556}") = "DSA.Shyamali", "DSA.Shayamli\DSA.Shyamali.csproj", "{6E01EB82-053A-4F09-8C33-6718201F3B6F}"
EndProject
Project("{9A19103F-16F7-4668-BE54-9A1E7A4F7556}") = "DSA.Chandrashekhar", "DSA.Chandrashekhar\DSA.Chandrashekhar.csproj", "{C95BDBD7-962B-4BEF-9C75-2B57A49509CA}"
EndProject
Global
	GlobalSection(SolutionConfigurationPlatforms) = preSolution
		Debug|Any CPU = Debug|Any CPU
		Release|Any CPU = Release|Any CPU
	EndGlobalSection
	GlobalSection(ProjectConfigurationPlatforms) = postSolution
		{5CE3ED59-CFAD-450F-A425-1556C78AE9E1}.Debug|Any CPU.ActiveCfg = Debug|Any CPU
		{5CE3ED59-CFAD-450F-A425-1556C78AE9E1}.Debug|Any CPU.Build.0 = Debug|Any CPU
		{5CE3ED59-CFAD-450F-A425-1556C78AE9E1}.Release|Any CPU.ActiveCfg = Release|Any CPU
		{5CE3ED59-CFAD-450F-A425-1556C78AE9E1}.Release|Any CPU.Build.0 = Release|Any CPU
		{6E01EB82-053A-4F09-8C33-6718201F3B6F}.Debug|Any CPU.ActiveCfg = Debug|Any CPU
		{6E01EB82-053A-4F09-8C33-6718201F3B6F}.Debug|Any CPU.Build.0 = Debug|Any CPU
		{6E01EB82-053A-4F09-8C33-6718201F3B6F}.Release|Any CPU.ActiveCfg = Release|Any CPU
		{6E01EB82-053A-4F09-8C33-6718201F3B6F}.Release|Any CPU.Build.0 = Release|Any CPU
		{C95BDBD7-962B-4BEF-9C75-2B57A49509CA}.Debug|Any CPU.ActiveCfg = Debug|Any CPU
		{C95BDBD7-962B-4BEF-9C75-2B57A49509CA}.Debug|Any CPU.Build.0 = Debug|Any CPU
		{C95BDBD7-962B-4BEF-9C75-2B57A49509CA}.Release|Any CPU.ActiveCfg = Release|Any CPU
		{C95BDBD7-962B-4BEF-9C75-2B57A49509CA}.Release|Any CPU.Build.0 = Release|Any CPU
	EndGlobalSection
	GlobalSection(SolutionProperties) = preSolution
		HideSolutionNode = FALSE
	EndGlobalSection
	GlobalSection(ExtensibilityGlobals) = postSolution
		SolutionGuid = {04535011-6191-42A2-8E01-A3A2B55B41DD}
	EndGlobalSection
EndGlobal
